
Microsoft Visual Studio Solution File, Format Version 12.00
Project("{FAE04EC0-301F-11D3-BF4B-00C04F79EFBC}") = "ExcelWriterApp", "ExcelWriterApp\ExcelWriterApp.csproj", "{158F299B-32DF-4D48-BD93-DAA69F3BF1AB}"
EndProject
Global
	GlobalSection(SolutionConfigurationPlatforms) = preSolution
		Debug|Any CPU = Debug|Any CPU
		Release|Any CPU = Release|Any CPU
	EndGlobalSection
	GlobalSection(ProjectConfigurationPlatforms) = postSolution
		{158F299B-32DF-4D48-BD93-DAA69F3BF1AB}.Debug|Any CPU.ActiveCfg = Debug|Any CPU
		{158F299B-32DF-4D48-BD93-DAA69F3BF1AB}.Debug|Any CPU.Build.0 = Debug|Any CPU
		{158F299B-32DF-4D48-BD93-DAA69F3BF1AB}.Release|Any CPU.ActiveCfg = Release|Any CPU
		{158F299B-32DF-4D48-BD93-DAA69F3BF1AB}.Release|Any CPU.Build.0 = Release|Any CPU
	EndGlobalSection
EndGlobal
